
Microsoft Visual Studio Solution File, Format Version 12.00
# Visual Studio Version 16
VisualStudioVersion = 25.0.1705.4
MinimumVisualStudioVersion = 10.0.40219.1
Project("{FAE04EC0-301F-11D3-BF4B-00C04F79EFBC}") = "fundamentals", "fundamentals\fundamentals.csproj", "{A5C1CE28-AC15-41F8-9699-8B93474F635F}"
EndProject
Project("{2150E333-8FDC-42A3-9474-1A3956D46DE8}") = "Itens da Solução", "Itens da Solução", "{037D2C2B-0767-4C18-B7AF-84BDEB59211D}"
	ProjectSection(SolutionItems) = preProject
		.editorconfig = .editorconfig
	EndProjectSection
EndProject
Project("{FAE04EC0-301F-11D3-BF4B-00C04F79EFBC}") = "Calculator", "Calculator\Calculator.csproj", "{C2A87AC5-F19C-4241-9377-4601697B9175}"
EndProject
Project("{FAE04EC0-301F-11D3-BF4B-00C04F79EFBC}") = "ScholarGrade", "ScholarGrade\ScholarGrade.csproj", "{8539C034-0FEF-4546-BD3F-1BE07AFE2EEA}"
EndProject
Project("{FAE04EC0-301F-11D3-BF4B-00C04F79EFBC}") = "Loops", "Loops\Loops.csproj", "{FE9E89E0-5D01-4C40-BF60-CB131B13AFCC}"
EndProject
Project("{FAE04EC0-301F-11D3-BF4B-00C04F79EFBC}") = "AboutLists", "AboutLists\AboutLists.csproj", "{93FA1BA4-26C1-44D8-8A63-480EC2E3AB94}"
EndProject
Project("{FAE04EC0-301F-11D3-BF4B-00C04F79EFBC}") = "AboutDictionary", "AboutDictionary\AboutDictionary.csproj", "{B4A0F8E2-A07A-4E2B-81C8-9B121C8CD9A1}"
EndProject
Global
	GlobalSection(SolutionConfigurationPlatforms) = preSolution
		Debug|Any CPU = Debug|Any CPU
		Release|Any CPU = Release|Any CPU
	EndGlobalSection
	GlobalSection(ProjectConfigurationPlatforms) = postSolution
		{A5C1CE28-AC15-41F8-9699-8B93474F635F}.Debug|Any CPU.ActiveCfg = Debug|Any CPU
		{A5C1CE28-AC15-41F8-9699-8B93474F635F}.Debug|Any CPU.Build.0 = Debug|Any CPU
		{A5C1CE28-AC15-41F8-9699-8B93474F635F}.Release|Any CPU.ActiveCfg = Release|Any CPU
		{A5C1CE28-AC15-41F8-9699-8B93474F635F}.Release|Any CPU.Build.0 = Release|Any CPU
		{C2A87AC5-F19C-4241-9377-4601697B9175}.Debug|Any CPU.ActiveCfg = Debug|Any CPU
		{C2A87AC5-F19C-4241-9377-4601697B9175}.Debug|Any CPU.Build.0 = Debug|Any CPU
		{C2A87AC5-F19C-4241-9377-4601697B9175}.Release|Any CPU.ActiveCfg = Release|Any CPU
		{C2A87AC5-F19C-4241-9377-4601697B9175}.Release|Any CPU.Build.0 = Release|Any CPU
		{8539C034-0FEF-4546-BD3F-1BE07AFE2EEA}.Debug|Any CPU.ActiveCfg = Debug|Any CPU
		{8539C034-0FEF-4546-BD3F-1BE07AFE2EEA}.Debug|Any CPU.Build.0 = Debug|Any CPU
		{8539C034-0FEF-4546-BD3F-1BE07AFE2EEA}.Release|Any CPU.ActiveCfg = Release|Any CPU
		{8539C034-0FEF-4546-BD3F-1BE07AFE2EEA}.Release|Any CPU.Build.0 = Release|Any CPU
		{FE9E89E0-5D01-4C40-BF60-CB131B13AFCC}.Debug|Any CPU.ActiveCfg = Debug|Any CPU
		{FE9E89E0-5D01-4C40-BF60-CB131B13AFCC}.Debug|Any CPU.Build.0 = Debug|Any CPU
		{FE9E89E0-5D01-4C40-BF60-CB131B13AFCC}.Release|Any CPU.ActiveCfg = Release|Any CPU
		{FE9E89E0-5D01-4C40-BF60-CB131B13AFCC}.Release|Any CPU.Build.0 = Release|Any CPU
		{93FA1BA4-26C1-44D8-8A63-480EC2E3AB94}.Debug|Any CPU.ActiveCfg = Debug|Any CPU
		{93FA1BA4-26C1-44D8-8A63-480EC2E3AB94}.Debug|Any CPU.Build.0 = Debug|Any CPU
		{93FA1BA4-26C1-44D8-8A63-480EC2E3AB94}.Release|Any CPU.ActiveCfg = Release|Any CPU
		{93FA1BA4-26C1-44D8-8A63-480EC2E3AB94}.Release|Any CPU.Build.0 = Release|Any CPU
		{B4A0F8E2-A07A-4E2B-81C8-9B121C8CD9A1}.Debug|Any CPU.ActiveCfg = Debug|Any CPU
		{B4A0F8E2-A07A-4E2B-81C8-9B121C8CD9A1}.Debug|Any CPU.Build.0 = Debug|Any CPU
		{B4A0F8E2-A07A-4E2B-81C8-9B121C8CD9A1}.Release|Any CPU.ActiveCfg = Release|Any CPU
		{B4A0F8E2-A07A-4E2B-81C8-9B121C8CD9A1}.Release|Any CPU.Build.0 = Release|Any CPU
	EndGlobalSection
	GlobalSection(SolutionProperties) = preSolution
		HideSolutionNode = FALSE
	EndGlobalSection
	GlobalSection(ExtensibilityGlobals) = postSolution
		SolutionGuid = {F990BC23-318F-4A66-946F-0F4E9C94B80E}
	EndGlobalSection
EndGlobal
